
Microsoft Visual Studio Solution File, Format Version 12.00
# Visual Studio Express 2012 for Windows Desktop
Project("{F184B08F-C81C-45F6-A57F-5ABD9991F28F}") = "WelcomeRESTXMLClient", "WelcomeRESTXMLClient\WelcomeRESTXMLClient.vbproj", "{50ABF0CB-37EC-42F7-B230-C828B74771DF}"
EndProject
Global
	GlobalSection(SolutionConfigurationPlatforms) = preSolution
		Debug|Any CPU = Debug|Any CPU
		Release|Any CPU = Release|Any CPU
	EndGlobalSection
	GlobalSection(ProjectConfigurationPlatforms) = postSolution
		{50ABF0CB-37EC-42F7-B230-C828B74771DF}.Debug|Any CPU.ActiveCfg = Debug|Any CPU
		{50ABF0CB-37EC-42F7-B230-C828B74771DF}.Debug|Any CPU.Build.0 = Debug|Any CPU
		{50ABF0CB-37EC-42F7-B230-C828B74771DF}.Release|Any CPU.ActiveCfg = Release|Any CPU
		{50ABF0CB-37EC-42F7-B230-C828B74771DF}.Release|Any CPU.Build.0 = Release|Any CPU
	EndGlobalSection
	GlobalSection(SolutionProperties) = preSolution
		HideSolutionNode = FALSE
	EndGlobalSection
EndGlobal
