
Microsoft Visual Studio Solution File, Format Version 12.00
# Visual Studio Express 2012 for Windows Desktop
Project("{F184B08F-C81C-45F6-A57F-5ABD9991F28F}") = "AddressExample", "AddressExample\AddressExample.vbproj", "{F8CE938F-60BD-4958-84F4-BF05B9EF88A1}"
EndProject
Project("{F184B08F-C81C-45F6-A57F-5ABD9991F28F}") = "AddressBook", "AddressBook\AddressBook.vbproj", "{0D8EC54A-1DB3-4668-A07C-B127CA776A40}"
EndProject
Global
	GlobalSection(SolutionConfigurationPlatforms) = preSolution
		Debug|Any CPU = Debug|Any CPU
		Release|Any CPU = Release|Any CPU
	EndGlobalSection
	GlobalSection(ProjectConfigurationPlatforms) = postSolution
		{F8CE938F-60BD-4958-84F4-BF05B9EF88A1}.Debug|Any CPU.ActiveCfg = Debug|Any CPU
		{F8CE938F-60BD-4958-84F4-BF05B9EF88A1}.Debug|Any CPU.Build.0 = Debug|Any CPU
		{F8CE938F-60BD-4958-84F4-BF05B9EF88A1}.Release|Any CPU.ActiveCfg = Release|Any CPU
		{F8CE938F-60BD-4958-84F4-BF05B9EF88A1}.Release|Any CPU.Build.0 = Release|Any CPU
		{0D8EC54A-1DB3-4668-A07C-B127CA776A40}.Debug|Any CPU.ActiveCfg = Debug|Any CPU
		{0D8EC54A-1DB3-4668-A07C-B127CA776A40}.Debug|Any CPU.Build.0 = Debug|Any CPU
		{0D8EC54A-1DB3-4668-A07C-B127CA776A40}.Release|Any CPU.ActiveCfg = Release|Any CPU
		{0D8EC54A-1DB3-4668-A07C-B127CA776A40}.Release|Any CPU.Build.0 = Release|Any CPU
	EndGlobalSection
	GlobalSection(SolutionProperties) = preSolution
		HideSolutionNode = FALSE
	EndGlobalSection
EndGlobal
