
Microsoft Visual Studio Solution File, Format Version 12.00
# Visual Studio Express 2012 for Windows Desktop
Project("{F184B08F-C81C-45F6-A57F-5ABD9991F28F}") = "DeckOfCardsTest", "DeckOfCardsTest\DeckOfCardsTest.vbproj", "{C2350A96-C10B-4A07-9220-918174B52191}"
EndProject
Global
	GlobalSection(SolutionConfigurationPlatforms) = preSolution
		Debug|Any CPU = Debug|Any CPU
		Release|Any CPU = Release|Any CPU
	EndGlobalSection
	GlobalSection(ProjectConfigurationPlatforms) = postSolution
		{C2350A96-C10B-4A07-9220-918174B52191}.Debug|Any CPU.ActiveCfg = Debug|x86
		{C2350A96-C10B-4A07-9220-918174B52191}.Debug|Any CPU.Build.0 = Debug|x86
		{C2350A96-C10B-4A07-9220-918174B52191}.Release|Any CPU.ActiveCfg = Release|x86
	EndGlobalSection
	GlobalSection(SolutionProperties) = preSolution
		HideSolutionNode = FALSE
	EndGlobalSection
EndGlobal
