
Microsoft Visual Studio Solution File, Format Version 12.00
# Visual Studio Express 2012 for Web
Project("{F184B08F-C81C-45F6-A57F-5ABD9991F28F}") = "Validation", "Validation\Validation.vbproj", "{AD707D81-83D2-42E7-B82E-59E8D464822B}"
EndProject
Global
	GlobalSection(SolutionConfigurationPlatforms) = preSolution
		Debug|Any CPU = Debug|Any CPU
		Release|Any CPU = Release|Any CPU
	EndGlobalSection
	GlobalSection(ProjectConfigurationPlatforms) = postSolution
		{AD707D81-83D2-42E7-B82E-59E8D464822B}.Debug|Any CPU.ActiveCfg = Debug|Any CPU
		{AD707D81-83D2-42E7-B82E-59E8D464822B}.Debug|Any CPU.Build.0 = Debug|Any CPU
		{AD707D81-83D2-42E7-B82E-59E8D464822B}.Release|Any CPU.ActiveCfg = Release|Any CPU
		{AD707D81-83D2-42E7-B82E-59E8D464822B}.Release|Any CPU.Build.0 = Release|Any CPU
	EndGlobalSection
	GlobalSection(SolutionProperties) = preSolution
		HideSolutionNode = FALSE
	EndGlobalSection
EndGlobal
