
Microsoft Visual Studio Solution File, Format Version 12.00
# Visual Studio Express 2012 for Windows Desktop
Project("{F184B08F-C81C-45F6-A57F-5ABD9991F28F}") = "CheckedListBoxTest", "CheckedListBoxTest\CheckedListBoxTest.vbproj", "{18292981-89F9-405B-B316-D6350CB6FE1F}"
EndProject
Global
	GlobalSection(SolutionConfigurationPlatforms) = preSolution
		Debug|Any CPU = Debug|Any CPU
		Release|Any CPU = Release|Any CPU
	EndGlobalSection
	GlobalSection(ProjectConfigurationPlatforms) = postSolution
		{18292981-89F9-405B-B316-D6350CB6FE1F}.Debug|Any CPU.ActiveCfg = Debug|x86
		{18292981-89F9-405B-B316-D6350CB6FE1F}.Debug|Any CPU.Build.0 = Debug|x86
		{18292981-89F9-405B-B316-D6350CB6FE1F}.Release|Any CPU.ActiveCfg = Release|x86
	EndGlobalSection
	GlobalSection(SolutionProperties) = preSolution
		HideSolutionNode = FALSE
	EndGlobalSection
EndGlobal
