
Microsoft Visual Studio Solution File, Format Version 12.00
# Visual Studio Express 2012 for Windows Desktop
Project("{F184B08F-C81C-45F6-A57F-5ABD9991F28F}") = "Properties", "Properties\Properties.vbproj", "{B2DBD8E0-2D85-422D-810D-80C6169302AF}"
EndProject
Global
	GlobalSection(SolutionConfigurationPlatforms) = preSolution
		Debug|Any CPU = Debug|Any CPU
		Release|Any CPU = Release|Any CPU
	EndGlobalSection
	GlobalSection(ProjectConfigurationPlatforms) = postSolution
		{B2DBD8E0-2D85-422D-810D-80C6169302AF}.Debug|Any CPU.ActiveCfg = Debug|x86
		{B2DBD8E0-2D85-422D-810D-80C6169302AF}.Debug|Any CPU.Build.0 = Debug|x86
		{B2DBD8E0-2D85-422D-810D-80C6169302AF}.Release|Any CPU.ActiveCfg = Release|x86
	EndGlobalSection
	GlobalSection(SolutionProperties) = preSolution
		HideSolutionNode = FALSE
	EndGlobalSection
EndGlobal
